
Microsoft Visual Studio Solution File, Format Version 12.00
# Visual Studio Version 17
VisualStudioVersion = 17.14.36705.20 d17.14
MinimumVisualStudioVersion = 10.0.40219.1
Project("{FAE04EC0-301F-11D3-BF4B-00C04F79EFBC}") = "comp306sec401week5demo", "comp306sec401week5demo.csproj", "{25F957C2-62C7-4A5D-91AB-C425D71466A5}"
EndProject
Global
	GlobalSection(SolutionConfigurationPlatforms) = preSolution
		Debug|Any CPU = Debug|Any CPU
		Release|Any CPU = Release|Any CPU
	EndGlobalSection
	GlobalSection(ProjectConfigurationPlatforms) = postSolution
		{25F957C2-62C7-4A5D-91AB-C425D71466A5}.Debug|Any CPU.ActiveCfg = Debug|Any CPU
		{25F957C2-62C7-4A5D-91AB-C425D71466A5}.Debug|Any CPU.Build.0 = Debug|Any CPU
		{25F957C2-62C7-4A5D-91AB-C425D71466A5}.Release|Any CPU.ActiveCfg = Release|Any CPU
		{25F957C2-62C7-4A5D-91AB-C425D71466A5}.Release|Any CPU.Build.0 = Release|Any CPU
	EndGlobalSection
	GlobalSection(SolutionProperties) = preSolution
		HideSolutionNode = FALSE
	EndGlobalSection
	GlobalSection(ExtensibilityGlobals) = postSolution
		SolutionGuid = {162928BE-3A41-409F-8C50-BA03473D0376}
	EndGlobalSection
EndGlobal
